
Microsoft Visual Studio Solution File, Format Version 12.00
# Visual Studio 14
VisualStudioVersion = 14.0.24720.0
MinimumVisualStudioVersion = 10.0.40219.1
Project("{FAE04EC0-301F-11D3-BF4B-00C04F79EFBC}") = "SupportCenter.Droid", "SupportCenter\SupportCenter.Droid\SupportCenter.Droid.csproj", "{06CA9F24-0060-40CA-93A0-17DBA04D7D97}"
EndProject
Project("{FAE04EC0-301F-11D3-BF4B-00C04F79EFBC}") = "SupportCenter.iOS", "SupportCenter\SupportCenter.iOS\SupportCenter.iOS.csproj", "{419F7364-0889-4278-8640-F1F8A6354A13}"
EndProject
Project("{FAE04EC0-301F-11D3-BF4B-00C04F79EFBC}") = "SupportCenter", "SupportCenter\SupportCenter\SupportCenter.csproj", "{8756C8AF-17AC-43E0-B7C7-8F924122C516}"
EndProject
Project("{FAE04EC0-301F-11D3-BF4B-00C04F79EFBC}") = "Domain", "Domain\Domain.csproj", "{5EE81B3D-0800-4143-A3DA-9F3F0D5CB73C}"
EndProject
Project("{FAE04EC0-301F-11D3-BF4B-00C04F79EFBC}") = "DAL", "DAL\DAL.csproj", "{995ACA57-CFD7-4A8B-8D8A-9B85B4258FDC}"
EndProject
Global
	GlobalSection(SolutionConfigurationPlatforms) = preSolution
		Ad-Hoc|Any CPU = Ad-Hoc|Any CPU
		Ad-Hoc|iPhone = Ad-Hoc|iPhone
		Ad-Hoc|iPhoneSimulator = Ad-Hoc|iPhoneSimulator
		AppStore|Any CPU = AppStore|Any CPU
		AppStore|iPhone = AppStore|iPhone
		AppStore|iPhoneSimulator = AppStore|iPhoneSimulator
		Debug|Any CPU = Debug|Any CPU
		Debug|iPhone = Debug|iPhone
		Debug|iPhoneSimulator = Debug|iPhoneSimulator
		Release|Any CPU = Release|Any CPU
		Release|iPhone = Release|iPhone
		Release|iPhoneSimulator = Release|iPhoneSimulator
	EndGlobalSection
	GlobalSection(ProjectConfigurationPlatforms) = postSolution
		{06CA9F24-0060-40CA-93A0-17DBA04D7D97}.Ad-Hoc|Any CPU.ActiveCfg = Release|Any CPU
		{06CA9F24-0060-40CA-93A0-17DBA04D7D97}.Ad-Hoc|Any CPU.Build.0 = Release|Any CPU
		{06CA9F24-0060-40CA-93A0-17DBA04D7D97}.Ad-Hoc|Any CPU.Deploy.0 = Release|Any CPU
		{06CA9F24-0060-40CA-93A0-17DBA04D7D97}.Ad-Hoc|iPhone.ActiveCfg = Release|Any CPU
		{06CA9F24-0060-40CA-93A0-17DBA04D7D97}.Ad-Hoc|iPhone.Build.0 = Release|Any CPU
		{06CA9F24-0060-40CA-93A0-17DBA04D7D97}.Ad-Hoc|iPhone.Deploy.0 = Release|Any CPU
		{06CA9F24-0060-40CA-93A0-17DBA04D7D97}.Ad-Hoc|iPhoneSimulator.ActiveCfg = Release|Any CPU
		{06CA9F24-0060-40CA-93A0-17DBA04D7D97}.Ad-Hoc|iPhoneSimulator.Build.0 = Release|Any CPU
		{06CA9F24-0060-40CA-93A0-17DBA04D7D97}.Ad-Hoc|iPhoneSimulator.Deploy.0 = Release|Any CPU
		{06CA9F24-0060-40CA-93A0-17DBA04D7D97}.AppStore|Any CPU.ActiveCfg = Release|Any CPU
		{06CA9F24-0060-40CA-93A0-17DBA04D7D97}.AppStore|Any CPU.Build.0 = Release|Any CPU
		{06CA9F24-0060-40CA-93A0-17DBA04D7D97}.AppStore|Any CPU.Deploy.0 = Release|Any CPU
		{06CA9F24-0060-40CA-93A0-17DBA04D7D97}.AppStore|iPhone.ActiveCfg = Release|Any CPU
		{06CA9F24-0060-40CA-93A0-17DBA04D7D97}.AppStore|iPhone.Build.0 = Release|Any CPU
		{06CA9F24-0060-40CA-93A0-17DBA04D7D97}.AppStore|iPhone.Deploy.0 = Release|Any CPU
		{06CA9F24-0060-40CA-93A0-17DBA04D7D97}.AppStore|iPhoneSimulator.ActiveCfg = Release|Any CPU
		{06CA9F24-0060-40CA-93A0-17DBA04D7D97}.AppStore|iPhoneSimulator.Build.0 = Release|Any CPU
		{06CA9F24-0060-40CA-93A0-17DBA04D7D97}.AppStore|iPhoneSimulator.Deploy.0 = Release|Any CPU
		{06CA9F24-0060-40CA-93A0-17DBA04D7D97}.Debug|Any CPU.ActiveCfg = Debug|Any CPU
		{06CA9F24-0060-40CA-93A0-17DBA04D7D97}.Debug|Any CPU.Build.0 = Debug|Any CPU
		{06CA9F24-0060-40CA-93A0-17DBA04D7D97}.Debug|Any CPU.Deploy.0 = Debug|Any CPU
		{06CA9F24-0060-40CA-93A0-17DBA04D7D97}.Debug|iPhone.ActiveCfg = Debug|Any CPU
		{06CA9F24-0060-40CA-93A0-17DBA04D7D97}.Debug|iPhone.Build.0 = Debug|Any CPU
		{06CA9F24-0060-40CA-93A0-17DBA04D7D97}.Debug|iPhone.Deploy.0 = Debug|Any CPU
		{06CA9F24-0060-40CA-93A0-17DBA04D7D97}.Debug|iPhoneSimulator.ActiveCfg = Debug|Any CPU
		{06CA9F24-0060-40CA-93A0-17DBA04D7D97}.Debug|iPhoneSimulator.Build.0 = Debug|Any CPU
		{06CA9F24-0060-40CA-93A0-17DBA04D7D97}.Debug|iPhoneSimulator.Deploy.0 = Debug|Any CPU
		{06CA9F24-0060-40CA-93A0-17DBA04D7D97}.Release|Any CPU.ActiveCfg = Release|Any CPU
		{06CA9F24-0060-40CA-93A0-17DBA04D7D97}.Release|Any CPU.Build.0 = Release|Any CPU
		{06CA9F24-0060-40CA-93A0-17DBA04D7D97}.Release|Any CPU.Deploy.0 = Release|Any CPU
		{06CA9F24-0060-40CA-93A0-17DBA04D7D97}.Release|iPhone.ActiveCfg = Release|Any CPU
		{06CA9F24-0060-40CA-93A0-17DBA04D7D97}.Release|iPhone.Build.0 = Release|Any CPU
		{06CA9F24-0060-40CA-93A0-17DBA04D7D97}.Release|iPhone.Deploy.0 = Release|Any CPU
		{06CA9F24-0060-40CA-93A0-17DBA04D7D97}.Release|iPhoneSimulator.ActiveCfg = Release|Any CPU
		{06CA9F24-0060-40CA-93A0-17DBA04D7D97}.Release|iPhoneSimulator.Build.0 = Release|Any CPU
		{06CA9F24-0060-40CA-93A0-17DBA04D7D97}.Release|iPhoneSimulator.Deploy.0 = Release|Any CPU
		{419F7364-0889-4278-8640-F1F8A6354A13}.Ad-Hoc|Any CPU.ActiveCfg = Ad-Hoc|iPhone
		{419F7364-0889-4278-8640-F1F8A6354A13}.Ad-Hoc|iPhone.ActiveCfg = Ad-Hoc|iPhone
		{419F7364-0889-4278-8640-F1F8A6354A13}.Ad-Hoc|iPhone.Build.0 = Ad-Hoc|iPhone
		{419F7364-0889-4278-8640-F1F8A6354A13}.Ad-Hoc|iPhoneSimulator.ActiveCfg = Ad-Hoc|iPhoneSimulator
		{419F7364-0889-4278-8640-F1F8A6354A13}.Ad-Hoc|iPhoneSimulator.Build.0 = Ad-Hoc|iPhoneSimulator
		{419F7364-0889-4278-8640-F1F8A6354A13}.AppStore|Any CPU.ActiveCfg = AppStore|iPhone
		{419F7364-0889-4278-8640-F1F8A6354A13}.AppStore|iPhone.ActiveCfg = AppStore|iPhone
		{419F7364-0889-4278-8640-F1F8A6354A13}.AppStore|iPhone.Build.0 = AppStore|iPhone
		{419F7364-0889-4278-8640-F1F8A6354A13}.AppStore|iPhoneSimulator.ActiveCfg = AppStore|iPhoneSimulator
		{419F7364-0889-4278-8640-F1F8A6354A13}.AppStore|iPhoneSimulator.Build.0 = AppStore|iPhoneSimulator
		{419F7364-0889-4278-8640-F1F8A6354A13}.Debug|Any CPU.ActiveCfg = Debug|iPhone
		{419F7364-0889-4278-8640-F1F8A6354A13}.Debug|iPhone.ActiveCfg = Debug|iPhone
		{419F7364-0889-4278-8640-F1F8A6354A13}.Debug|iPhone.Build.0 = Debug|iPhone
		{419F7364-0889-4278-8640-F1F8A6354A13}.Debug|iPhoneSimulator.ActiveCfg = Debug|iPhoneSimulator
		{419F7364-0889-4278-8640-F1F8A6354A13}.Debug|iPhoneSimulator.Build.0 = Debug|iPhoneSimulator
		{419F7364-0889-4278-8640-F1F8A6354A13}.Release|Any CPU.ActiveCfg = Release|iPhone
		{419F7364-0889-4278-8640-F1F8A6354A13}.Release|iPhone.ActiveCfg = Release|iPhone
		{419F7364-0889-4278-8640-F1F8A6354A13}.Release|iPhone.Build.0 = Release|iPhone
		{419F7364-0889-4278-8640-F1F8A6354A13}.Release|iPhoneSimulator.ActiveCfg = Release|iPhoneSimulator
		{419F7364-0889-4278-8640-F1F8A6354A13}.Release|iPhoneSimulator.Build.0 = Release|iPhoneSimulator
		{8756C8AF-17AC-43E0-B7C7-8F924122C516}.Ad-Hoc|Any CPU.ActiveCfg = Release|Any CPU
		{8756C8AF-17AC-43E0-B7C7-8F924122C516}.Ad-Hoc|Any CPU.Build.0 = Release|Any CPU
		{8756C8AF-17AC-43E0-B7C7-8F924122C516}.Ad-Hoc|iPhone.ActiveCfg = Release|Any CPU
		{8756C8AF-17AC-43E0-B7C7-8F924122C516}.Ad-Hoc|iPhone.Build.0 = Release|Any CPU
		{8756C8AF-17AC-43E0-B7C7-8F924122C516}.Ad-Hoc|iPhoneSimulator.ActiveCfg = Release|Any CPU
		{8756C8AF-17AC-43E0-B7C7-8F924122C516}.Ad-Hoc|iPhoneSimulator.Build.0 = Release|Any CPU
		{8756C8AF-17AC-43E0-B7C7-8F924122C516}.AppStore|Any CPU.ActiveCfg = Release|Any CPU
		{8756C8AF-17AC-43E0-B7C7-8F924122C516}.AppStore|Any CPU.Build.0 = Release|Any CPU
		{8756C8AF-17AC-43E0-B7C7-8F924122C516}.AppStore|iPhone.ActiveCfg = Release|Any CPU
		{8756C8AF-17AC-43E0-B7C7-8F924122C516}.AppStore|iPhone.Build.0 = Release|Any CPU
		{8756C8AF-17AC-43E0-B7C7-8F924122C516}.AppStore|iPhoneSimulator.ActiveCfg = Release|Any CPU
		{8756C8AF-17AC-43E0-B7C7-8F924122C516}.AppStore|iPhoneSimulator.Build.0 = Release|Any CPU
		{8756C8AF-17AC-43E0-B7C7-8F924122C516}.Debug|Any CPU.ActiveCfg = Debug|Any CPU
		{8756C8AF-17AC-43E0-B7C7-8F924122C516}.Debug|Any CPU.Build.0 = Debug|Any CPU
		{8756C8AF-17AC-43E0-B7C7-8F924122C516}.Debug|iPhone.ActiveCfg = Debug|Any CPU
		{8756C8AF-17AC-43E0-B7C7-8F924122C516}.Debug|iPhone.Build.0 = Debug|Any CPU
		{8756C8AF-17AC-43E0-B7C7-8F924122C516}.Debug|iPhoneSimulator.ActiveCfg = Debug|Any CPU
		{8756C8AF-17AC-43E0-B7C7-8F924122C516}.Debug|iPhoneSimulator.Build.0 = Debug|Any CPU
		{8756C8AF-17AC-43E0-B7C7-8F924122C516}.Release|Any CPU.ActiveCfg = Release|Any CPU
		{8756C8AF-17AC-43E0-B7C7-8F924122C516}.Release|Any CPU.Build.0 = Release|Any CPU
		{8756C8AF-17AC-43E0-B7C7-8F924122C516}.Release|iPhone.ActiveCfg = Release|Any CPU
		{8756C8AF-17AC-43E0-B7C7-8F924122C516}.Release|iPhone.Build.0 = Release|Any CPU
		{8756C8AF-17AC-43E0-B7C7-8F924122C516}.Release|iPhoneSimulator.ActiveCfg = Release|Any CPU
		{8756C8AF-17AC-43E0-B7C7-8F924122C516}.Release|iPhoneSimulator.Build.0 = Release|Any CPU
		{5EE81B3D-0800-4143-A3DA-9F3F0D5CB73C}.Ad-Hoc|Any CPU.ActiveCfg = Release|Any CPU
		{5EE81B3D-0800-4143-A3DA-9F3F0D5CB73C}.Ad-Hoc|Any CPU.Build.0 = Release|Any CPU
		{5EE81B3D-0800-4143-A3DA-9F3F0D5CB73C}.Ad-Hoc|iPhone.ActiveCfg = Release|Any CPU
		{5EE81B3D-0800-4143-A3DA-9F3F0D5CB73C}.Ad-Hoc|iPhone.Build.0 = Release|Any CPU
		{5EE81B3D-0800-4143-A3DA-9F3F0D5CB73C}.Ad-Hoc|iPhoneSimulator.ActiveCfg = Release|Any CPU
		{5EE81B3D-0800-4143-A3DA-9F3F0D5CB73C}.Ad-Hoc|iPhoneSimulator.Build.0 = Release|Any CPU
		{5EE81B3D-0800-4143-A3DA-9F3F0D5CB73C}.AppStore|Any CPU.ActiveCfg = Release|Any CPU
		{5EE81B3D-0800-4143-A3DA-9F3F0D5CB73C}.AppStore|Any CPU.Build.0 = Release|Any CPU
		{5EE81B3D-0800-4143-A3DA-9F3F0D5CB73C}.AppStore|iPhone.ActiveCfg = Release|Any CPU
		{5EE81B3D-0800-4143-A3DA-9F3F0D5CB73C}.AppStore|iPhone.Build.0 = Release|Any CPU
		{5EE81B3D-0800-4143-A3DA-9F3F0D5CB73C}.AppStore|iPhoneSimulator.ActiveCfg = Release|Any CPU
		{5EE81B3D-0800-4143-A3DA-9F3F0D5CB73C}.AppStore|iPhoneSimulator.Build.0 = Release|Any CPU
		{5EE81B3D-0800-4143-A3DA-9F3F0D5CB73C}.Debug|Any CPU.ActiveCfg = Debug|Any CPU
		{5EE81B3D-0800-4143-A3DA-9F3F0D5CB73C}.Debug|Any CPU.Build.0 = Debug|Any CPU
		{5EE81B3D-0800-4143-A3DA-9F3F0D5CB73C}.Debug|iPhone.ActiveCfg = Debug|Any CPU
		{5EE81B3D-0800-4143-A3DA-9F3F0D5CB73C}.Debug|iPhone.Build.0 = Debug|Any CPU
		{5EE81B3D-0800-4143-A3DA-9F3F0D5CB73C}.Debug|iPhoneSimulator.ActiveCfg = Debug|Any CPU
		{5EE81B3D-0800-4143-A3DA-9F3F0D5CB73C}.Debug|iPhoneSimulator.Build.0 = Debug|Any CPU
		{5EE81B3D-0800-4143-A3DA-9F3F0D5CB73C}.Release|Any CPU.ActiveCfg = Release|Any CPU
		{5EE81B3D-0800-4143-A3DA-9F3F0D5CB73C}.Release|Any CPU.Build.0 = Release|Any CPU
		{5EE81B3D-0800-4143-A3DA-9F3F0D5CB73C}.Release|iPhone.ActiveCfg = Release|Any CPU
		{5EE81B3D-0800-4143-A3DA-9F3F0D5CB73C}.Release|iPhone.Build.0 = Release|Any CPU
		{5EE81B3D-0800-4143-A3DA-9F3F0D5CB73C}.Release|iPhoneSimulator.ActiveCfg = Release|Any CPU
		{5EE81B3D-0800-4143-A3DA-9F3F0D5CB73C}.Release|iPhoneSimulator.Build.0 = Release|Any CPU
		{995ACA57-CFD7-4A8B-8D8A-9B85B4258FDC}.Ad-Hoc|Any CPU.ActiveCfg = Release|Any CPU
		{995ACA57-CFD7-4A8B-8D8A-9B85B4258FDC}.Ad-Hoc|Any CPU.Build.0 = Release|Any CPU
		{995ACA57-CFD7-4A8B-8D8A-9B85B4258FDC}.Ad-Hoc|iPhone.ActiveCfg = Release|Any CPU
		{995ACA57-CFD7-4A8B-8D8A-9B85B4258FDC}.Ad-Hoc|iPhone.Build.0 = Release|Any CPU
		{995ACA57-CFD7-4A8B-8D8A-9B85B4258FDC}.Ad-Hoc|iPhoneSimulator.ActiveCfg = Release|Any CPU
		{995ACA57-CFD7-4A8B-8D8A-9B85B4258FDC}.Ad-Hoc|iPhoneSimulator.Build.0 = Release|Any CPU
		{995ACA57-CFD7-4A8B-8D8A-9B85B4258FDC}.AppStore|Any CPU.ActiveCfg = Release|Any CPU
		{995ACA57-CFD7-4A8B-8D8A-9B85B4258FDC}.AppStore|Any CPU.Build.0 = Release|Any CPU
		{995ACA57-CFD7-4A8B-8D8A-9B85B4258FDC}.AppStore|iPhone.ActiveCfg = Release|Any CPU
		{995ACA57-CFD7-4A8B-8D8A-9B85B4258FDC}.AppStore|iPhone.Build.0 = Release|Any CPU
		{995ACA57-CFD7-4A8B-8D8A-9B85B4258FDC}.AppStore|iPhoneSimulator.ActiveCfg = Release|Any CPU
		{995ACA57-CFD7-4A8B-8D8A-9B85B4258FDC}.AppStore|iPhoneSimulator.Build.0 = Release|Any CPU
		{995ACA57-CFD7-4A8B-8D8A-9B85B4258FDC}.Debug|Any CPU.ActiveCfg = Debug|Any CPU
		{995ACA57-CFD7-4A8B-8D8A-9B85B4258FDC}.Debug|Any CPU.Build.0 = Debug|Any CPU
		{995ACA57-CFD7-4A8B-8D8A-9B85B4258FDC}.Debug|iPhone.ActiveCfg = Debug|Any CPU
		{995ACA57-CFD7-4A8B-8D8A-9B85B4258FDC}.Debug|iPhone.Build.0 = Debug|Any CPU
		{995ACA57-CFD7-4A8B-8D8A-9B85B4258FDC}.Debug|iPhoneSimulator.ActiveCfg = Debug|Any CPU
		{995ACA57-CFD7-4A8B-8D8A-9B85B4258FDC}.Debug|iPhoneSimulator.Build.0 = Debug|Any CPU
		{995ACA57-CFD7-4A8B-8D8A-9B85B4258FDC}.Release|Any CPU.ActiveCfg = Release|Any CPU
		{995ACA57-CFD7-4A8B-8D8A-9B85B4258FDC}.Release|Any CPU.Build.0 = Release|Any CPU
		{995ACA57-CFD7-4A8B-8D8A-9B85B4258FDC}.Release|iPhone.ActiveCfg = Release|Any CPU
		{995ACA57-CFD7-4A8B-8D8A-9B85B4258FDC}.Release|iPhone.Build.0 = Release|Any CPU
		{995ACA57-CFD7-4A8B-8D8A-9B85B4258FDC}.Release|iPhoneSimulator.ActiveCfg = Release|Any CPU
		{995ACA57-CFD7-4A8B-8D8A-9B85B4258FDC}.Release|iPhoneSimulator.Build.0 = Release|Any CPU
	EndGlobalSection
	GlobalSection(SolutionProperties) = preSolution
		HideSolutionNode = FALSE
	EndGlobalSection
EndGlobal
